{
    "name": "ModBot",
    "version": "1.0.0",
    "lockfileVersion": 1,
    "requires": true,
    "dependencies": {
      "ajv": {
        "version": "6.10.2",
        "resolved": "https://registry.npmjs.org/ajv/-/ajv-6.10.2.tgz",
        "integrity": "sha512-TXtUUEYHuaTEbLZWIKUr5pmBuhDLy+8KYtPYdcV8qC+pOZL+NKqYwvWSRrVXHn+ZmRRAu8vJTAznH7Oag6RVRw==",
        "requires": {
          "fast-deep-equal": "2.0.1",
          "fast-json-stable-stringify": "2.1.0",
          "json-schema-traverse": "0.4.1",
          "uri-js": "4.2.2"
        }
      },
      "asn1": {
        "version": "0.2.4",
        "resolved": "https://registry.npmjs.org/asn1/-/asn1-0.2.4.tgz",
        "integrity": "sha512-jxwzQpLQjSmWXgwaCZE9Nz+glAG01yF1QnWgbhGwHI5A6FRIEY6IVqtHhIepHqI7/kyEyQEagBC5mBEFlIYvdg==",
        "requires": {
          "safer-buffer": "2.1.2"
        }
      },
      "assert-plus": {
        "version": "1.0.0",
        "resolved": "https://registry.npmjs.org/assert-plus/-/assert-plus-1.0.0.tgz",
        "integrity": "sha1-8S4PPF13sLHN2RRpQuTpbB5N1SU="
      },
      "async-limiter": {
        "version": "1.0.1",
        "resolved": "https://registry.npmjs.org/async-limiter/-/async-limiter-1.0.1.tgz",
        "integrity": "sha512-csOlWGAcRFJaI6m+F2WKdnMKr4HhdhFVBk0H/QbJFMCr+uO2kwohwXQPxw/9OCxp05r5ghVBFSyioixx3gfkNQ=="
      },
      "asynckit": {
        "version": "0.4.0",
        "resolved": "https://registry.npmjs.org/asynckit/-/asynckit-0.4.0.tgz",
        "integrity": "sha1-x57Zf380y48robyXkLzDZkdLS3k="
      },
      "aws-sign2": {
        "version": "0.7.0",
        "resolved": "https://registry.npmjs.org/aws-sign2/-/aws-sign2-0.7.0.tgz",
        "integrity": "sha1-tG6JCTSpWR8tL2+G1+ap8bP+dqg="
      },
      "aws4": {
        "version": "1.9.0",
        "resolved": "https://registry.npmjs.org/aws4/-/aws4-1.9.0.tgz",
        "integrity": "sha512-Uvq6hVe90D0B2WEnUqtdgY1bATGz3mw33nH9Y+dmA+w5DHvUmBgkr5rM/KCHpCsiFNRUfokW/szpPPgMK2hm4A=="
      },
      "axios": {
        "version": "0.19.1",
        "resolved": "https://registry.npmjs.org/axios/-/axios-0.19.1.tgz",
        "integrity": "sha512-Yl+7nfreYKaLRvAvjNPkvfjnQHJM1yLBY3zhqAwcJSwR/6ETkanUgylgtIvkvz0xJ+p/vZuNw8X7Hnb7Whsbpw==",
        "requires": {
          "follow-redirects": "1.5.10"
        }
      },
      "bcrypt-pbkdf": {
        "version": "1.0.2",
        "resolved": "https://registry.npmjs.org/bcrypt-pbkdf/-/bcrypt-pbkdf-1.0.2.tgz",
        "integrity": "sha1-pDAdOJtqQ/m2f/